
Microsoft Visual Studio Solution File, Format Version 11.0
# Visual Studio 2010
Project("{FAE04EC0-301F-11D3-BF4B-00C04F79EFBC}") = "GlassProject.CSharp.Plugins", "GlassProject.CSharp.Plugins.csproj", "{1127B451-B91C-B6A8-5A4A-0ABD5E0C1EB9}"
EndProject
Project("{FAE04EC0-301F-11D3-BF4B-00C04F79EFBC}") = "GlassProject.CSharp", "GlassProject.CSharp.csproj", "{2FB93D41-2376-04D1-81F0-9B62D7318184}"
EndProject
Project("{FAE04EC0-301F-11D3-BF4B-00C04F79EFBC}") = "GlassProject.CSharp.Editor", "GlassProject.CSharp.Editor.csproj", "{A52F0DAC-6B7E-8900-3D34-3BF62CDEC01F}"
EndProject
Global
	GlobalSection(SolutionConfigurationPlatforms) = preSolution
		Debug|Any CPU = Debug|Any CPU
		Release|Any CPU = Release|Any CPU
	EndGlobalSection
	GlobalSection(ProjectConfigurationPlatforms) = postSolution
		{1127B451-B91C-B6A8-5A4A-0ABD5E0C1EB9}.Debug|Any CPU.ActiveCfg = Debug|Any CPU
		{1127B451-B91C-B6A8-5A4A-0ABD5E0C1EB9}.Debug|Any CPU.Build.0 = Debug|Any CPU
		{1127B451-B91C-B6A8-5A4A-0ABD5E0C1EB9}.Release|Any CPU.ActiveCfg = Release|Any CPU
		{1127B451-B91C-B6A8-5A4A-0ABD5E0C1EB9}.Release|Any CPU.Build.0 = Release|Any CPU
		{2FB93D41-2376-04D1-81F0-9B62D7318184}.Debug|Any CPU.ActiveCfg = Debug|Any CPU
		{2FB93D41-2376-04D1-81F0-9B62D7318184}.Debug|Any CPU.Build.0 = Debug|Any CPU
		{2FB93D41-2376-04D1-81F0-9B62D7318184}.Release|Any CPU.ActiveCfg = Release|Any CPU
		{2FB93D41-2376-04D1-81F0-9B62D7318184}.Release|Any CPU.Build.0 = Release|Any CPU
		{A52F0DAC-6B7E-8900-3D34-3BF62CDEC01F}.Debug|Any CPU.ActiveCfg = Debug|Any CPU
		{A52F0DAC-6B7E-8900-3D34-3BF62CDEC01F}.Debug|Any CPU.Build.0 = Debug|Any CPU
		{A52F0DAC-6B7E-8900-3D34-3BF62CDEC01F}.Release|Any CPU.ActiveCfg = Release|Any CPU
		{A52F0DAC-6B7E-8900-3D34-3BF62CDEC01F}.Release|Any CPU.Build.0 = Release|Any CPU
	EndGlobalSection
	GlobalSection(SolutionProperties) = preSolution
		HideSolutionNode = FALSE
	EndGlobalSection
EndGlobal
